
Microsoft Visual Studio Solution File, Format Version 12.00
# Visual Studio 14
VisualStudioVersion = 14.0.25420.1
MinimumVisualStudioVersion = 10.0.40219.1
Project("{FAE04EC0-301F-11D3-BF4B-00C04F79EFBC}") = "halfSumElements", "halfSumElements\halfSumElements.csproj", "{C88701DF-42E4-4D59-BCAD-AD59F992BB1D}"
EndProject
Project("{FAE04EC0-301F-11D3-BF4B-00C04F79EFBC}") = "oddEvenPositions", "oddEvenPositions\oddEvenPositions.csproj", "{60B4C586-161C-4A9E-AF53-AB24B0187140}"
EndProject
Project("{FAE04EC0-301F-11D3-BF4B-00C04F79EFBC}") = "equalPairs", "equalPairs\equalPairs.csproj", "{EDDF1D77-5985-4533-915D-FCCF8F2C9F1E}"
EndProject
Global
	GlobalSection(SolutionConfigurationPlatforms) = preSolution
		Debug|Any CPU = Debug|Any CPU
		Release|Any CPU = Release|Any CPU
	EndGlobalSection
	GlobalSection(ProjectConfigurationPlatforms) = postSolution
		{C88701DF-42E4-4D59-BCAD-AD59F992BB1D}.Debug|Any CPU.ActiveCfg = Debug|Any CPU
		{C88701DF-42E4-4D59-BCAD-AD59F992BB1D}.Debug|Any CPU.Build.0 = Debug|Any CPU
		{C88701DF-42E4-4D59-BCAD-AD59F992BB1D}.Release|Any CPU.ActiveCfg = Release|Any CPU
		{C88701DF-42E4-4D59-BCAD-AD59F992BB1D}.Release|Any CPU.Build.0 = Release|Any CPU
		{60B4C586-161C-4A9E-AF53-AB24B0187140}.Debug|Any CPU.ActiveCfg = Debug|Any CPU
		{60B4C586-161C-4A9E-AF53-AB24B0187140}.Debug|Any CPU.Build.0 = Debug|Any CPU
		{60B4C586-161C-4A9E-AF53-AB24B0187140}.Release|Any CPU.ActiveCfg = Release|Any CPU
		{60B4C586-161C-4A9E-AF53-AB24B0187140}.Release|Any CPU.Build.0 = Release|Any CPU
		{EDDF1D77-5985-4533-915D-FCCF8F2C9F1E}.Debug|Any CPU.ActiveCfg = Debug|Any CPU
		{EDDF1D77-5985-4533-915D-FCCF8F2C9F1E}.Debug|Any CPU.Build.0 = Debug|Any CPU
		{EDDF1D77-5985-4533-915D-FCCF8F2C9F1E}.Release|Any CPU.ActiveCfg = Release|Any CPU
		{EDDF1D77-5985-4533-915D-FCCF8F2C9F1E}.Release|Any CPU.Build.0 = Release|Any CPU
	EndGlobalSection
	GlobalSection(SolutionProperties) = preSolution
		HideSolutionNode = FALSE
	EndGlobalSection
EndGlobal
